
Microsoft Visual Studio Solution File, Format Version 12.00
# Visual Studio 14
VisualStudioVersion = 14.0.24720.0
MinimumVisualStudioVersion = 10.0.40219.1
Project("{FAE04EC0-301F-11D3-BF4B-00C04F79EFBC}") = "ExtraExcercise1", "ExtraExcercise1\ExtraExcercise1.csproj", "{95978702-1F7D-407C-BE69-36CCECDA7B55}"
EndProject
Project("{FAE04EC0-301F-11D3-BF4B-00C04F79EFBC}") = "Extra Exercise nr2", "Extra Exercise nr2\Extra Exercise nr2.csproj", "{6B5C973D-6ED2-4C68-B3CC-4B71142FFC16}"
EndProject
Project("{FAE04EC0-301F-11D3-BF4B-00C04F79EFBC}") = "ExtraExercise nr4", "ExtraExercise nr4\ExtraExercise nr4.csproj", "{4EAB717A-E55A-4787-8B40-3BD0F2EBE17F}"
EndProject
Global
	GlobalSection(SolutionConfigurationPlatforms) = preSolution
		Debug|Any CPU = Debug|Any CPU
		Release|Any CPU = Release|Any CPU
	EndGlobalSection
	GlobalSection(ProjectConfigurationPlatforms) = postSolution
		{95978702-1F7D-407C-BE69-36CCECDA7B55}.Debug|Any CPU.ActiveCfg = Debug|Any CPU
		{95978702-1F7D-407C-BE69-36CCECDA7B55}.Debug|Any CPU.Build.0 = Debug|Any CPU
		{95978702-1F7D-407C-BE69-36CCECDA7B55}.Release|Any CPU.ActiveCfg = Release|Any CPU
		{95978702-1F7D-407C-BE69-36CCECDA7B55}.Release|Any CPU.Build.0 = Release|Any CPU
		{6B5C973D-6ED2-4C68-B3CC-4B71142FFC16}.Debug|Any CPU.ActiveCfg = Debug|Any CPU
		{6B5C973D-6ED2-4C68-B3CC-4B71142FFC16}.Debug|Any CPU.Build.0 = Debug|Any CPU
		{6B5C973D-6ED2-4C68-B3CC-4B71142FFC16}.Release|Any CPU.ActiveCfg = Release|Any CPU
		{6B5C973D-6ED2-4C68-B3CC-4B71142FFC16}.Release|Any CPU.Build.0 = Release|Any CPU
		{4EAB717A-E55A-4787-8B40-3BD0F2EBE17F}.Debug|Any CPU.ActiveCfg = Debug|Any CPU
		{4EAB717A-E55A-4787-8B40-3BD0F2EBE17F}.Debug|Any CPU.Build.0 = Debug|Any CPU
		{4EAB717A-E55A-4787-8B40-3BD0F2EBE17F}.Release|Any CPU.ActiveCfg = Release|Any CPU
		{4EAB717A-E55A-4787-8B40-3BD0F2EBE17F}.Release|Any CPU.Build.0 = Release|Any CPU
	EndGlobalSection
	GlobalSection(SolutionProperties) = preSolution
		HideSolutionNode = FALSE
	EndGlobalSection
EndGlobal
